
Microsoft Visual Studio Solution File, Format Version 12.00
# Visual Studio Version 17
VisualStudioVersion = 17.2.32519.379
MinimumVisualStudioVersion = 10.0.40219.1
Project("{8BC9CEB8-8B4A-11D0-8D11-00A0C91BC942}") = "CheesyProgram", "CheesyProgram.vcxproj", "{518CAC9D-45EA-4B8D-894D-C585E56E007B}"
EndProject
Global
	GlobalSection(SolutionConfigurationPlatforms) = preSolution
		Debug|x64 = Debug|x64
		Debug|x86 = Debug|x86
		Release|x64 = Release|x64
		Release|x86 = Release|x86
	EndGlobalSection
	GlobalSection(ProjectConfigurationPlatforms) = postSolution
		{518CAC9D-45EA-4B8D-894D-C585E56E007B}.Debug|x64.ActiveCfg = Debug|x64
		{518CAC9D-45EA-4B8D-894D-C585E56E007B}.Debug|x64.Build.0 = Debug|x64
		{518CAC9D-45EA-4B8D-894D-C585E56E007B}.Debug|x86.ActiveCfg = Debug|Win32
		{518CAC9D-45EA-4B8D-894D-C585E56E007B}.Debug|x86.Build.0 = Debug|Win32
		{518CAC9D-45EA-4B8D-894D-C585E56E007B}.Release|x64.ActiveCfg = Release|x64
		{518CAC9D-45EA-4B8D-894D-C585E56E007B}.Release|x64.Build.0 = Release|x64
		{518CAC9D-45EA-4B8D-894D-C585E56E007B}.Release|x86.ActiveCfg = Release|Win32
		{518CAC9D-45EA-4B8D-894D-C585E56E007B}.Release|x86.Build.0 = Release|Win32
	EndGlobalSection
	GlobalSection(SolutionProperties) = preSolution
		HideSolutionNode = FALSE
	EndGlobalSection
	GlobalSection(ExtensibilityGlobals) = postSolution
		SolutionGuid = {088B70ED-D6FE-4EC6-920F-EB7A9B6FFBB3}
	EndGlobalSection
EndGlobal
